
Microsoft Visual Studio Solution File, Format Version 12.00
Project("{FAE04EC0-301F-11D3-BF4B-00C04F79EFBC}") = "Forum.WebAPI", "src\Forum.WebAPI\Forum.WebAPI.csproj", "{272FA8DD-D35C-4EE9-9589-EB6D2C829BE7}"
EndProject
Global
	GlobalSection(SolutionConfigurationPlatforms) = preSolution
		Debug|Any CPU = Debug|Any CPU
		Release|Any CPU = Release|Any CPU
	EndGlobalSection
	GlobalSection(ProjectConfigurationPlatforms) = postSolution
		{272FA8DD-D35C-4EE9-9589-EB6D2C829BE7}.Debug|Any CPU.ActiveCfg = Debug|Any CPU
		{272FA8DD-D35C-4EE9-9589-EB6D2C829BE7}.Debug|Any CPU.Build.0 = Debug|Any CPU
		{272FA8DD-D35C-4EE9-9589-EB6D2C829BE7}.Release|Any CPU.ActiveCfg = Release|Any CPU
		{272FA8DD-D35C-4EE9-9589-EB6D2C829BE7}.Release|Any CPU.Build.0 = Release|Any CPU
	EndGlobalSection
EndGlobal
